
Microsoft Visual Studio Solution File, Format Version 12.00
# Visual Studio 2012
Project("{FAE04EC0-301F-11D3-BF4B-00C04F79EFBC}") = "Fullerton", "Fullerton\Fullerton.csproj", "{37CA2DA9-572B-4362-B01D-C0BBE75C7D13}"
EndProject
Project("{FAE04EC0-301F-11D3-BF4B-00C04F79EFBC}") = "FullertonDAL", "FullertonDAL\FullertonDAL.csproj", "{374C7E30-AD80-445A-864C-FC77D037AE04}"
EndProject
Project("{FAE04EC0-301F-11D3-BF4B-00C04F79EFBC}") = "FullertonBO", "FullertonBO\FullertonBO.csproj", "{45BC6F4B-A25B-451B-80D2-903C4674937C}"
EndProject
Global
	GlobalSection(SolutionConfigurationPlatforms) = preSolution
		Debug|Any CPU = Debug|Any CPU
		Release|Any CPU = Release|Any CPU
	EndGlobalSection
	GlobalSection(ProjectConfigurationPlatforms) = postSolution
		{37CA2DA9-572B-4362-B01D-C0BBE75C7D13}.Debug|Any CPU.ActiveCfg = Debug|Any CPU
		{37CA2DA9-572B-4362-B01D-C0BBE75C7D13}.Debug|Any CPU.Build.0 = Debug|Any CPU
		{37CA2DA9-572B-4362-B01D-C0BBE75C7D13}.Release|Any CPU.ActiveCfg = Release|Any CPU
		{37CA2DA9-572B-4362-B01D-C0BBE75C7D13}.Release|Any CPU.Build.0 = Release|Any CPU
		{374C7E30-AD80-445A-864C-FC77D037AE04}.Debug|Any CPU.ActiveCfg = Debug|Any CPU
		{374C7E30-AD80-445A-864C-FC77D037AE04}.Debug|Any CPU.Build.0 = Debug|Any CPU
		{374C7E30-AD80-445A-864C-FC77D037AE04}.Release|Any CPU.ActiveCfg = Release|Any CPU
		{374C7E30-AD80-445A-864C-FC77D037AE04}.Release|Any CPU.Build.0 = Release|Any CPU
		{45BC6F4B-A25B-451B-80D2-903C4674937C}.Debug|Any CPU.ActiveCfg = Debug|Any CPU
		{45BC6F4B-A25B-451B-80D2-903C4674937C}.Debug|Any CPU.Build.0 = Debug|Any CPU
		{45BC6F4B-A25B-451B-80D2-903C4674937C}.Release|Any CPU.ActiveCfg = Release|Any CPU
		{45BC6F4B-A25B-451B-80D2-903C4674937C}.Release|Any CPU.Build.0 = Release|Any CPU
	EndGlobalSection
	GlobalSection(SolutionProperties) = preSolution
		HideSolutionNode = FALSE
	EndGlobalSection
EndGlobal
